// !$*UTF8*$!
{
	archiveVersion = 1;
	classes = {
	};
	objectVersion = 46;
	objects = {

/* Begin PBXBuildFile section */
		2D10AED81EE55BED00896AF3 /* UIImageExtension.swift in Sources */ = {isa = PBXBuildFile; fileRef = 2D10AED61EE556C500896AF3 /* UIImageExtension.swift */; };
		2D10AEDB1EE583E500896AF3 /* CommunicationExtension.swift in Sources */ = {isa = PBXBuildFile; fileRef = 2D10AEDA1EE583E500896AF3 /* CommunicationExtension.swift */; };
		2D10AEDC1EE583E900896AF3 /* CommunicationExtension.swift in Sources */ = {isa = PBXBuildFile; fileRef = 2D10AEDA1EE583E500896AF3 /* CommunicationExtension.swift */; };
		2DBEF86B1EDF773200346929 /* AppDelegate.swift in Sources */ = {isa = PBXBuildFile; fileRef = 2DBEF86A1EDF773200346929 /* AppDelegate.swift */; };
		2DBEF86D1EDF773200346929 /* ViewController.swift in Sources */ = {isa = PBXBuildFile; fileRef = 2DBEF86C1EDF773200346929 /* ViewController.swift */; };
		2DBEF8701EDF773200346929 /* Main.storyboard in Resources */ = {isa = PBXBuildFile; fileRef = 2DBEF86E1EDF773200346929 /* Main.storyboard */; };
		2DBEF8721EDF773200346929 /* Assets.xcassets in Resources */ = {isa = PBXBuildFile; fileRef = 2DBEF8711EDF773200346929 /* Assets.xcassets */; };
		2DBEF8751EDF773200346929 /* LaunchScreen.storyboard in Resources */ = {isa = PBXBuildFile; fileRef = 2DBEF8731EDF773200346929 /* LaunchScreen.storyboard */; };
		2DBEF87A1EDF773200346929 /* BatteryLevel WatchKit App.app in Embed Watch Content */ = {isa = PBXBuildFile; fileRef = 2DBEF8791EDF773200346929 /* BatteryLevel WatchKit App.app */; };
		2DBEF8801EDF773200346929 /* Interface.storyboard in Resources */ = {isa = PBXBuildFile; fileRef = 2DBEF87E1EDF773200346929 /* Interface.storyboard */; };
		2DBEF8821EDF773200346929 /* Assets.xcassets in Resources */ = {isa = PBXBuildFile; fileRef = 2DBEF8811EDF773200346929 /* Assets.xcassets */; };
		2DBEF8891EDF773300346929 /* BatteryLevel WatchKit Extension.appex in Embed App Extensions */ = {isa = PBXBuildFile; fileRef = 2DBEF8881EDF773300346929 /* BatteryLevel WatchKit Extension.appex */; settings = {ATTRIBUTES = (RemoveHeadersOnCopy, ); }; };
		2DBEF8901EDF773300346929 /* InterfaceController.swift in Sources */ = {isa = PBXBuildFile; fileRef = 2DBEF88F1EDF773300346929 /* InterfaceController.swift */; };
		2DBEF8921EDF773300346929 /* ExtensionDelegate.swift in Sources */ = {isa = PBXBuildFile; fileRef = 2DBEF8911EDF773300346929 /* ExtensionDelegate.swift */; };
		2DBEF8941EDF773300346929 /* NotificationController.swift in Sources */ = {isa = PBXBuildFile; fileRef = 2DBEF8931EDF773300346929 /* NotificationController.swift */; };
		2DBEF8961EDF773300346929 /* Assets.xcassets in Resources */ = {isa = PBXBuildFile; fileRef = 2DBEF8951EDF773300346929 /* Assets.xcassets */; };
/* End PBXBuildFile section */

/* Begin PBXContainerItemProxy section */
		2DBEF87B1EDF773200346929 /* PBXContainerItemProxy */ = {
			isa = PBXContainerItemProxy;
			containerPortal = 2DBEF85F1EDF773200346929 /* Project object */;
			proxyType = 1;
			remoteGlobalIDString = 2DBEF8781EDF773200346929;
			remoteInfo = "BatteryLevel WatchKit App";
		};
		2DBEF88A1EDF773300346929 /* PBXContainerItemProxy */ = {
			isa = PBXContainerItemProxy;
			containerPortal = 2DBEF85F1EDF773200346929 /* Project object */;
			proxyType = 1;
			remoteGlobalIDString = 2DBEF8871EDF773300346929;
			remoteInfo = "BatteryLevel WatchKit Extension";
		};
/* End PBXContainerItemProxy section */

/* Begin PBXCopyFilesBuildPhase section */
		2DBEF89D1EDF773300346929 /* Embed App Extensions */ = {
			isa = PBXCopyFilesBuildPhase;
			buildActionMask = 2147483647;
			dstPath = "";
			dstSubfolderSpec = 13;
			files = (
				2DBEF8891EDF773300346929 /* BatteryLevel WatchKit Extension.appex in Embed App Extensions */,
			);
			name = "Embed App Extensions";
			runOnlyForDeploymentPostprocessing = 0;
		};
		2DBEF8A11EDF773300346929 /* Embed Watch Content */ = {
			isa = PBXCopyFilesBuildPhase;
			buildActionMask = 2147483647;
			dstPath = "$(CONTENTS_FOLDER_PATH)/Watch";
			dstSubfolderSpec = 16;
			files = (
				2DBEF87A1EDF773200346929 /* BatteryLevel WatchKit App.app in Embed Watch Content */,
			);
			name = "Embed Watch Content";
			runOnlyForDeploymentPostprocessing = 0;
		};
/* End PBXCopyFilesBuildPhase section */

/* Begin PBXFileReference section */
		2D10AED61EE556C500896AF3 /* UIImageExtension.swift */ = {isa = PBXFileReference; fileEncoding = 4; lastKnownFileType = sourcecode.swift; path = UIImageExtension.swift; sourceTree = "<group>"; };
		2D10AEDA1EE583E500896AF3 /* CommunicationExtension.swift */ = {isa = PBXFileReference; fileEncoding = 4; lastKnownFileType = sourcecode.swift; path = CommunicationExtension.swift; sourceTree = "<group>"; };
		2DBEF8671EDF773200346929 /* BatteryLevel.app */ = {isa = PBXFileReference; explicitFileType = wrapper.application; includeInIndex = 0; path = BatteryLevel.app; sourceTree = BUILT_PRODUCTS_DIR; };
		2DBEF86A1EDF773200346929 /* AppDelegate.swift */ = {isa = PBXFileReference; lastKnownFileType = sourcecode.swift; path = AppDelegate.swift; sourceTree = "<group>"; };
		2DBEF86C1EDF773200346929 /* ViewController.swift */ = {isa = PBXFileReference; lastKnownFileType = sourcecode.swift; path = ViewController.swift; sourceTree = "<group>"; };
		2DBEF86F1EDF773200346929 /* Base */ = {isa = PBXFileReference; lastKnownFileType = file.storyboard; name = Base; path = Base.lproj/Main.storyboard; sourceTree = "<group>"; };
		2DBEF8711EDF773200346929 /* Assets.xcassets */ = {isa = PBXFileReference; lastKnownFileType = folder.assetcatalog; path = Assets.xcassets; sourceTree = "<group>"; };
		2DBEF8741EDF773200346929 /* Base */ = {isa = PBXFileReference; lastKnownFileType = file.storyboard; name = Base; path = Base.lproj/LaunchScreen.storyboard; sourceTree = "<group>"; };
		2DBEF8761EDF773200346929 /* Info.plist */ = {isa = PBXFileReference; lastKnownFileType = text.plist.xml; path = Info.plist; sourceTree = "<group>"; };
		2DBEF8791EDF773200346929 /* BatteryLevel WatchKit App.app */ = {isa = PBXFileReference; explicitFileType = wrapper.application; includeInIndex = 0; path = "BatteryLevel WatchKit App.app"; sourceTree = BUILT_PRODUCTS_DIR; };
		2DBEF87F1EDF773200346929 /* Base */ = {isa = PBXFileReference; lastKnownFileType = file.storyboard; name = Base; path = Base.lproj/Interface.storyboard; sourceTree = "<group>"; };
		2DBEF8811EDF773200346929 /* Assets.xcassets */ = {isa = PBXFileReference; lastKnownFileType = folder.assetcatalog; path = Assets.xcassets; sourceTree = "<group>"; };
		2DBEF8831EDF773200346929 /* Info.plist */ = {isa = PBXFileReference; lastKnownFileType = text.plist.xml; path = Info.plist; sourceTree = "<group>"; };
		2DBEF8881EDF773300346929 /* BatteryLevel WatchKit Extension.appex */ = {isa = PBXFileReference; explicitFileType = "wrapper.app-extension"; includeInIndex = 0; path = "BatteryLevel WatchKit Extension.appex"; sourceTree = BUILT_PRODUCTS_DIR; };
		2DBEF88E1EDF773300346929 /* PushNotificationPayload.apns */ = {isa = PBXFileReference; lastKnownFileType = text; path = PushNotificationPayload.apns; sourceTree = "<group>"; };
		2DBEF88F1EDF773300346929 /* InterfaceController.swift */ = {isa = PBXFileReference; lastKnownFileType = sourcecode.swift; path = InterfaceController.swift; sourceTree = "<group>"; };
		2DBEF8911EDF773300346929 /* ExtensionDelegate.swift */ = {isa = PBXFileReference; lastKnownFileType = sourcecode.swift; path = ExtensionDelegate.swift; sourceTree = "<group>"; };
		2DBEF8931EDF773300346929 /* NotificationController.swift */ = {isa = PBXFileReference; lastKnownFileType = sourcecode.swift; path = NotificationController.swift; sourceTree = "<group>"; };
		2DBEF8951EDF773300346929 /* Assets.xcassets */ = {isa = PBXFileReference; lastKnownFileType = folder.assetcatalog; path = Assets.xcassets; sourceTree = "<group>"; };
		2DBEF8971EDF773300346929 /* Info.plist */ = {isa = PBXFileReference; lastKnownFileType = text.plist.xml; path = Info.plist; sourceTree = "<group>"; };
/* End PBXFileReference section */

/* Begin PBXFrameworksBuildPhase section */
		2DBEF8641EDF773200346929 /* Frameworks */ = {
			isa = PBXFrameworksBuildPhase;
			buildActionMask = 2147483647;
			files = (
			);
			runOnlyForDeploymentPostprocessing = 0;
		};
		2DBEF8851EDF773300346929 /* Frameworks */ = {
			isa = PBXFrameworksBuildPhase;
			buildActionMask = 2147483647;
			files = (
			);
			runOnlyForDeploymentPostprocessing = 0;
		};
/* End PBXFrameworksBuildPhase section */

/* Begin PBXGroup section */
		2DBEF85E1EDF773200346929 = {
			isa = PBXGroup;
			children = (
				2D10AEDA1EE583E500896AF3 /* CommunicationExtension.swift */,
				2DBEF8691EDF773200346929 /* BatteryLevel */,
				2DBEF87D1EDF773200346929 /* BatteryLevel WatchKit App */,
				2DBEF88C1EDF773300346929 /* BatteryLevel WatchKit Extension */,
				2DBEF8681EDF773200346929 /* Products */,
			);
			sourceTree = "<group>";
		};
		2DBEF8681EDF773200346929 /* Products */ = {
			isa = PBXGroup;
			children = (
				2DBEF8671EDF773200346929 /* BatteryLevel.app */,
				2DBEF8791EDF773200346929 /* BatteryLevel WatchKit App.app */,
				2DBEF8881EDF773300346929 /* BatteryLevel WatchKit Extension.appex */,
			);
			name = Products;
			sourceTree = "<group>";
		};
		2DBEF8691EDF773200346929 /* BatteryLevel */ = {
			isa = PBXGroup;
			children = (
				2DBEF86A1EDF773200346929 /* AppDelegate.swift */,
				2D10AED61EE556C500896AF3 /* UIImageExtension.swift */,
				2DBEF86C1EDF773200346929 /* ViewController.swift */,
				2DBEF86E1EDF773200346929 /* Main.storyboard */,
				2DBEF8711EDF773200346929 /* Assets.xcassets */,
				2DBEF8731EDF773200346929 /* LaunchScreen.storyboard */,
				2DBEF8761EDF773200346929 /* Info.plist */,
			);
			path = BatteryLevel;
			sourceTree = "<group>";
		};
		2DBEF87D1EDF773200346929 /* BatteryLevel WatchKit App */ = {
			isa = PBXGroup;
			children = (
				2DBEF87E1EDF773200346929 /* Interface.storyboard */,
				2DBEF8811EDF773200346929 /* Assets.xcassets */,
				2DBEF8831EDF773200346929 /* Info.plist */,
			);
			path = "BatteryLevel WatchKit App";
			sourceTree = "<group>";
		};
		2DBEF88C1EDF773300346929 /* BatteryLevel WatchKit Extension */ = {
			isa = PBXGroup;
			children = (
				2DBEF88F1EDF773300346929 /* InterfaceController.swift */,
				2DBEF8911EDF773300346929 /* ExtensionDelegate.swift */,
				2DBEF8931EDF773300346929 /* NotificationController.swift */,
				2DBEF8951EDF773300346929 /* Assets.xcassets */,
				2DBEF8971EDF773300346929 /* Info.plist */,
				2DBEF88D1EDF773300346929 /* Supporting Files */,
			);
			path = "BatteryLevel WatchKit Extension";
			sourceTree = "<group>";
		};
		2DBEF88D1EDF773300346929 /* Supporting Files */ = {
			isa = PBXGroup;
			children = (
				2DBEF88E1EDF773300346929 /* PushNotificationPayload.apns */,
			);
			name = "Supporting Files";
			sourceTree = "<group>";
		};
/* End PBXGroup section */

/* Begin PBXNativeTarget section */
		2DBEF8661EDF773200346929 /* BatteryLevel */ = {
			isa = PBXNativeTarget;
			buildConfigurationList = 2DBEF8A21EDF773300346929 /* Build configuration list for PBXNativeTarget "BatteryLevel" */;
			buildPhases = (
				2DBEF8631EDF773200346929 /* Sources */,
				2DBEF8641EDF773200346929 /* Frameworks */,
				2DBEF8651EDF773200346929 /* Resources */,
				2DBEF8A11EDF773300346929 /* Embed Watch Content */,
			);
			buildRules = (
			);
			dependencies = (
				2DBEF87C1EDF773200346929 /* PBXTargetDependency */,
			);
			name = BatteryLevel;
			productName = BatteryLevel;
			productReference = 2DBEF8671EDF773200346929 /* BatteryLevel.app */;
			productType = "com.apple.product-type.application";
		};
		2DBEF8781EDF773200346929 /* BatteryLevel WatchKit App */ = {
			isa = PBXNativeTarget;
			buildConfigurationList = 2DBEF89E1EDF773300346929 /* Build configuration list for PBXNativeTarget "BatteryLevel WatchKit App" */;
			buildPhases = (
				2DBEF8771EDF773200346929 /* Resources */,
				2DBEF89D1EDF773300346929 /* Embed App Extensions */,
			);
			buildRules = (
			);
			dependencies = (
				2DBEF88B1EDF773300346929 /* PBXTargetDependency */,
			);
			name = "BatteryLevel WatchKit App";
			productName = "BatteryLevel WatchKit App";
			productReference = 2DBEF8791EDF773200346929 /* BatteryLevel WatchKit App.app */;
			productType = "com.apple.product-type.application.watchapp2";
		};
		2DBEF8871EDF773300346929 /* BatteryLevel WatchKit Extension */ = {
			isa = PBXNativeTarget;
			buildConfigurationList = 2DBEF89A1EDF773300346929 /* Build configuration list for PBXNativeTarget "BatteryLevel WatchKit Extension" */;
			buildPhases = (
				2DBEF8841EDF773300346929 /* Sources */,
				2DBEF8851EDF773300346929 /* Frameworks */,
				2DBEF8861EDF773300346929 /* Resources */,
			);
			buildRules = (
			);
			dependencies = (
			);
			name = "BatteryLevel WatchKit Extension";
			productName = "BatteryLevel WatchKit Extension";
			productReference = 2DBEF8881EDF773300346929 /* BatteryLevel WatchKit Extension.appex */;
			productType = "com.apple.product-type.watchkit2-extension";
		};
/* End PBXNativeTarget section */

/* Begin PBXProject section */
		2DBEF85F1EDF773200346929 /* Project object */ = {
			isa = PBXProject;
			attributes = {
				LastSwiftUpdateCheck = 0820;
				LastUpgradeCheck = 0820;
				ORGANIZATIONNAME = "Maciej Kucharski";
				TargetAttributes = {
					2DBEF8661EDF773200346929 = {
						CreatedOnToolsVersion = 8.2.1;
						ProvisioningStyle = Automatic;
						SystemCapabilities = {
							com.apple.BackgroundModes = {
								enabled = 0;
							};
						};
					};
					2DBEF8781EDF773200346929 = {
						CreatedOnToolsVersion = 8.2.1;
						ProvisioningStyle = Automatic;
						SystemCapabilities = {
							com.apple.BackgroundModes.watchos.app = {
								enabled = 0;
							};
						};
					};
					2DBEF8871EDF773300346929 = {
						CreatedOnToolsVersion = 8.2.1;
						ProvisioningStyle = Automatic;
					};
				};
			};
			buildConfigurationList = 2DBEF8621EDF773200346929 /* Build configuration list for PBXProject "BatteryLevel" */;
			compatibilityVersion = "Xcode 3.2";
			developmentRegion = English;
			hasScannedForEncodings = 0;
			knownRegions = (
				en,
				Base,
			);
			mainGroup = 2DBEF85E1EDF773200346929;
			productRefGroup = 2DBEF8681EDF773200346929 /* Products */;
			projectDirPath = "";
			projectRoot = "";
			targets = (
				2DBEF8661EDF773200346929 /* BatteryLevel */,
				2DBEF8781EDF773200346929 /* BatteryLevel WatchKit App */,
				2DBEF8871EDF773300346929 /* BatteryLevel WatchKit Extension */,
			);
		};
/* End PBXProject section */

/* Begin PBXResourcesBuildPhase section */
		2DBEF8651EDF773200346929 /* Resources */ = {
			isa = PBXResourcesBuildPhase;
			buildActionMask = 2147483647;
			files = (
				2DBEF8751EDF773200346929 /* LaunchScreen.storyboard in Resources */,
				2DBEF8721EDF773200346929 /* Assets.xcassets in Resources */,
				2DBEF8701EDF773200346929 /* Main.storyboard in Resources */,
			);
			runOnlyForDeploymentPostprocessing = 0;
		};
		2DBEF8771EDF773200346929 /* Resources */ = {
			isa = PBXResourcesBuildPhase;
			buildActionMask = 2147483647;
			files = (
				2DBEF8821EDF773200346929 /* Assets.xcassets in Resources */,
				2DBEF8801EDF773200346929 /* Interface.storyboard in Resources */,
			);
			runOnlyForDeploymentPostprocessing = 0;
		};
		2DBEF8861EDF773300346929 /* Resources */ = {
			isa = PBXResourcesBuildPhase;
			buildActionMask = 2147483647;
			files = (
				2DBEF8961EDF773300346929 /* Assets.xcassets in Resources */,
			);
			runOnlyForDeploymentPostprocessing = 0;
		};
/* End PBXResourcesBuildPhase section */

/* Begin PBXSourcesBuildPhase section */
		2DBEF8631EDF773200346929 /* Sources */ = {
			isa = PBXSourcesBuildPhase;
			buildActionMask = 2147483647;
			files = (
				2DBEF86D1EDF773200346929 /* ViewController.swift in Sources */,
				2DBEF86B1EDF773200346929 /* AppDelegate.swift in Sources */,
				2D10AEDB1EE583E500896AF3 /* CommunicationExtension.swift in Sources */,
				2D10AED81EE55BED00896AF3 /* UIImageExtension.swift in Sources */,
			);
			runOnlyForDeploymentPostprocessing = 0;
		};
		2DBEF8841EDF773300346929 /* Sources */ = {
			isa = PBXSourcesBuildPhase;
			buildActionMask = 2147483647;
			files = (
				2DBEF8941EDF773300346929 /* NotificationController.swift in Sources */,
				2DBEF8921EDF773300346929 /* ExtensionDelegate.swift in Sources */,
				2D10AEDC1EE583E900896AF3 /* CommunicationExtension.swift in Sources */,
				2DBEF8901EDF773300346929 /* InterfaceController.swift in Sources */,
			);
			runOnlyForDeploymentPostprocessing = 0;
		};
/* End PBXSourcesBuildPhase section */

/* Begin PBXTargetDependency section */
		2DBEF87C1EDF773200346929 /* PBXTargetDependency */ = {
			isa = PBXTargetDependency;
			target = 2DBEF8781EDF773200346929 /* BatteryLevel WatchKit App */;
			targetProxy = 2DBEF87B1EDF773200346929 /* PBXContainerItemProxy */;
		};
		2DBEF88B1EDF773300346929 /* PBXTargetDependency */ = {
			isa = PBXTargetDependency;
			target = 2DBEF8871EDF773300346929 /* BatteryLevel WatchKit Extension */;
			targetProxy = 2DBEF88A1EDF773300346929 /* PBXContainerItemProxy */;
		};
/* End PBXTargetDependency section */

/* Begin PBXVariantGroup section */
		2DBEF86E1EDF773200346929 /* Main.storyboard */ = {
			isa = PBXVariantGroup;
			children = (
				2DBEF86F1EDF773200346929 /* Base */,
			);
			name = Main.storyboard;
			sourceTree = "<group>";
		};
		2DBEF8731EDF773200346929 /* LaunchScreen.storyboard */ = {
			isa = PBXVariantGroup;
			children = (
				2DBEF8741EDF773200346929 /* Base */,
			);
			name = LaunchScreen.storyboard;
			sourceTree = "<group>";
		};
		2DBEF87E1EDF773200346929 /* Interface.storyboard */ = {
			isa = PBXVariantGroup;
			children = (
				2DBEF87F1EDF773200346929 /* Base */,
			);
			name = Interface.storyboard;
			sourceTree = "<group>";
		};
/* End PBXVariantGroup section */

/* Begin XCBuildConfiguration section */
		2DBEF8981EDF773300346929 /* Debug */ = {
			isa = XCBuildConfiguration;
			buildSettings = {
				ALWAYS_SEARCH_USER_PATHS = NO;
				CLANG_ANALYZER_NONNULL = YES;
				CLANG_CXX_LANGUAGE_STANDARD = "gnu++0x";
				CLANG_CXX_LIBRARY = "libc++";
				CLANG_ENABLE_MODULES = YES;
				CLANG_ENABLE_OBJC_ARC = YES;
				CLANG_WARN_BOOL_CONVERSION = YES;
				CLANG_WARN_CONSTANT_CONVERSION = YES;
				CLANG_WARN_DIRECT_OBJC_ISA_USAGE = YES_ERROR;
				CLANG_WARN_DOCUMENTATION_COMMENTS = YES;
				CLANG_WARN_EMPTY_BODY = YES;
				CLANG_WARN_ENUM_CONVERSION = YES;
				CLANG_WARN_INFINITE_RECURSION = YES;
				CLANG_WARN_INT_CONVERSION = YES;
				CLANG_WARN_OBJC_ROOT_CLASS = YES_ERROR;
				CLANG_WARN_SUSPICIOUS_MOVE = YES;
				CLANG_WARN_UNREACHABLE_CODE = YES;
				CLANG_WARN__DUPLICATE_METHOD_MATCH = YES;
				"CODE_SIGN_IDENTITY[sdk=iphoneos*]" = "iPhone Developer";
				COPY_PHASE_STRIP = NO;
				DEBUG_INFORMATION_FORMAT = dwarf;
				ENABLE_STRICT_OBJC_MSGSEND = YES;
				ENABLE_TESTABILITY = YES;
				GCC_C_LANGUAGE_STANDARD = gnu99;
				GCC_DYNAMIC_NO_PIC = NO;
				GCC_NO_COMMON_BLOCKS = YES;
				GCC_OPTIMIZATION_LEVEL = 0;
				GCC_PREPROCESSOR_DEFINITIONS = (
					"DEBUG=1",
					"$(inherited)",
				);
				GCC_WARN_64_TO_32_BIT_CONVERSION = YES;
				GCC_WARN_ABOUT_RETURN_TYPE = YES_ERROR;
				GCC_WARN_UNDECLARED_SELECTOR = YES;
				GCC_WARN_UNINITIALIZED_AUTOS = YES_AGGRESSIVE;
				GCC_WARN_UNUSED_FUNCTION = YES;
				GCC_WARN_UNUSED_VARIABLE = YES;
				IPHONEOS_DEPLOYMENT_TARGET = 10.2;
				MTL_ENABLE_DEBUG_INFO = YES;
				ONLY_ACTIVE_ARCH = YES;
				SDKROOT = iphoneos;
				SWIFT_ACTIVE_COMPILATION_CONDITIONS = DEBUG;
				SWIFT_OPTIMIZATION_LEVEL = "-Onone";
			};
			name = Debug;
		};
		2DBEF8991EDF773300346929 /* Release */ = {
			isa = XCBuildConfiguration;
			buildSettings = {
				ALWAYS_SEARCH_USER_PATHS = NO;
				CLANG_ANALYZER_NONNULL = YES;
				CLANG_CXX_LANGUAGE_STANDARD = "gnu++0x";
				CLANG_CXX_LIBRARY = "libc++";
				CLANG_ENABLE_MODULES = YES;
				CLANG_ENABLE_OBJC_ARC = YES;
				CLANG_WARN_BOOL_CONVERSION = YES;
				CLANG_WARN_CONSTANT_CONVERSION = YES;
				CLANG_WARN_DIRECT_OBJC_ISA_USAGE = YES_ERROR;
				CLANG_WARN_DOCUMENTATION_COMMENTS = YES;
				CLANG_WARN_EMPTY_BODY = YES;
				CLANG_WARN_ENUM_CONVERSION = YES;
				CLANG_WARN_INFINITE_RECURSION = YES;
				CLANG_WARN_INT_CONVERSION = YES;
				CLANG_WARN_OBJC_ROOT_CLASS = YES_ERROR;
				CLANG_WARN_SUSPICIOUS_MOVE = YES;
				CLANG_WARN_UNREACHABLE_CODE = YES;
				CLANG_WARN__DUPLICATE_METHOD_MATCH = YES;
				"CODE_SIGN_IDENTITY[sdk=iphoneos*]" = "iPhone Developer";
				COPY_PHASE_STRIP = NO;
				DEBUG_INFORMATION_FORMAT = "dwarf-with-dsym";
				ENABLE_NS_ASSERTIONS = NO;
				ENABLE_STRICT_OBJC_MSGSEND = YES;
				GCC_C_LANGUAGE_STANDARD = gnu99;
				GCC_NO_COMMON_BLOCKS = YES;
				GCC_WARN_64_TO_32_BIT_CONVERSION = YES;
				GCC_WARN_ABOUT_RETURN_TYPE = YES_ERROR;
				GCC_WARN_UNDECLARED_SELECTOR = YES;
				GCC_WARN_UNINITIALIZED_AUTOS = YES_AGGRESSIVE;
				GCC_WARN_UNUSED_FUNCTION = YES;
				GCC_WARN_UNUSED_VARIABLE = YES;
				IPHONEOS_DEPLOYMENT_TARGET = 10.2;
				MTL_ENABLE_DEBUG_INFO = NO;
				SDKROOT = iphoneos;
				SWIFT_OPTIMIZATION_LEVEL = "-Owholemodule";
				VALIDATE_PRODUCT = YES;
			};
			name = Release;
		};
		2DBEF89B1EDF773300346929 /* Debug */ = {
			isa = XCBuildConfiguration;
			buildSettings = {
				ASSETCATALOG_COMPILER_COMPLICATION_NAME = Complication;
				"CODE_SIGN_IDENTITY[sdk=watchos*]" = "iPhone Developer";
				DEVELOPMENT_TEAM = "";
				INFOPLIST_FILE = "BatteryLevel WatchKit Extension/Info.plist";
				LD_RUNPATH_SEARCH_PATHS = "$(inherited) @executable_path/Frameworks @executable_path/../../Frameworks";
				PRODUCT_BUNDLE_IDENTIFIER = BatteryLevel.watchkitapp.watchkitextension;
				PRODUCT_NAME = "${TARGET_NAME}";
				PROVISIONING_PROFILE = "";
				PROVISIONING_PROFILE_SPECIFIER = "";
				SDKROOT = watchos;
				SKIP_INSTALL = YES;
				SWIFT_VERSION = 3.0;
				TARGETED_DEVICE_FAMILY = 4;
				WATCHOS_DEPLOYMENT_TARGET = 3.1;
			};
			name = Debug;
		};
		2DBEF89C1EDF773300346929 /* Release */ = {
			isa = XCBuildConfiguration;
			buildSettings = {
				ASSETCATALOG_COMPILER_COMPLICATION_NAME = Complication;
				"CODE_SIGN_IDENTITY[sdk=watchos*]" = "iPhone Developer";
				DEVELOPMENT_TEAM = "";
				INFOPLIST_FILE = "BatteryLevel WatchKit Extension/Info.plist";
				LD_RUNPATH_SEARCH_PATHS = "$(inherited) @executable_path/Frameworks @executable_path/../../Frameworks";
				PRODUCT_BUNDLE_IDENTIFIER = BatteryLevel.watchkitapp.watchkitextension;
				PRODUCT_NAME = "${TARGET_NAME}";
				PROVISIONING_PROFILE = "";
				PROVISIONING_PROFILE_SPECIFIER = "";
				SDKROOT = watchos;
				SKIP_INSTALL = YES;
				SWIFT_VERSION = 3.0;
				TARGETED_DEVICE_FAMILY = 4;
				WATCHOS_DEPLOYMENT_TARGET = 3.1;
			};
			name = Release;
		};
		2DBEF89F1EDF773300346929 /* Debug */ = {
			isa = XCBuildConfiguration;
			buildSettings = {
				ALWAYS_EMBED_SWIFT_STANDARD_LIBRARIES = YES;
				ASSETCATALOG_COMPILER_APPICON_NAME = AppIcon;
				"CODE_SIGN_IDENTITY[sdk=watchos*]" = "iPhone Developer";
				DEVELOPMENT_TEAM = "";
				IBSC_MODULE = BatteryLevel_WatchKit_Extension;
				INFOPLIST_FILE = "BatteryLevel WatchKit App/Info.plist";
				PRODUCT_BUNDLE_IDENTIFIER = BatteryLevel.watchkitapp;
				PRODUCT_NAME = "$(TARGET_NAME)";
				PROVISIONING_PROFILE = "";
				PROVISIONING_PROFILE_SPECIFIER = "";
				SDKROOT = watchos;
				SKIP_INSTALL = YES;
				SWIFT_VERSION = 3.0;
				TARGETED_DEVICE_FAMILY = 4;
				WATCHOS_DEPLOYMENT_TARGET = 3.1;
			};
			name = Debug;
		};
		2DBEF8A01EDF773300346929 /* Release */ = {
			isa = XCBuildConfiguration;
			buildSettings = {
				ALWAYS_EMBED_SWIFT_STANDARD_LIBRARIES = YES;
				ASSETCATALOG_COMPILER_APPICON_NAME = AppIcon;
				"CODE_SIGN_IDENTITY[sdk=watchos*]" = "iPhone Developer";
				DEVELOPMENT_TEAM = "";
				IBSC_MODULE = BatteryLevel_WatchKit_Extension;
				INFOPLIST_FILE = "BatteryLevel WatchKit App/Info.plist";
				PRODUCT_BUNDLE_IDENTIFIER = BatteryLevel.watchkitapp;
				PRODUCT_NAME = "$(TARGET_NAME)";
				PROVISIONING_PROFILE = "";
				PROVISIONING_PROFILE_SPECIFIER = "";
				SDKROOT = watchos;
				SKIP_INSTALL = YES;
				SWIFT_VERSION = 3.0;
				TARGETED_DEVICE_FAMILY = 4;
				WATCHOS_DEPLOYMENT_TARGET = 3.1;
			};
			name = Release;
		};
		2DBEF8A31EDF773300346929 /* Debug */ = {
			isa = XCBuildConfiguration;
			buildSettings = {
				ASSETCATALOG_COMPILER_APPICON_NAME = AppIcon;
				"CODE_SIGN_IDENTITY[sdk=iphoneos*]" = "iPhone Developer";
				DEVELOPMENT_TEAM = "";
				INFOPLIST_FILE = BatteryLevel/Info.plist;
				LD_RUNPATH_SEARCH_PATHS = "$(inherited) @executable_path/Frameworks";
				PRODUCT_BUNDLE_IDENTIFIER = BatteryLevel;
				PRODUCT_NAME = "$(TARGET_NAME)";
				PROVISIONING_PROFILE = "";
				PROVISIONING_PROFILE_SPECIFIER = "";
				SWIFT_VERSION = 3.0;
			};
			name = Debug;
		};
		2DBEF8A41EDF773300346929 /* Release */ = {
			isa = XCBuildConfiguration;
			buildSettings = {
				ASSETCATALOG_COMPILER_APPICON_NAME = AppIcon;
				"CODE_SIGN_IDENTITY[sdk=iphoneos*]" = "iPhone Developer";
				DEVELOPMENT_TEAM = "";
				INFOPLIST_FILE = BatteryLevel/Info.plist;
				LD_RUNPATH_SEARCH_PATHS = "$(inherited) @executable_path/Frameworks";
				PRODUCT_BUNDLE_IDENTIFIER = BatteryLevel;
				PRODUCT_NAME = "$(TARGET_NAME)";
				PROVISIONING_PROFILE = "";
				PROVISIONING_PROFILE_SPECIFIER = "";
				SWIFT_VERSION = 3.0;
			};
			name = Release;
		};
/* End XCBuildConfiguration section */

/* Begin XCConfigurationList section */
		2DBEF8621EDF773200346929 /* Build configuration list for PBXProject "BatteryLevel" */ = {
			isa = XCConfigurationList;
			buildConfigurations = (
				2DBEF8981EDF773300346929 /* Debug */,
				2DBEF8991EDF773300346929 /* Release */,
			);
			defaultConfigurationIsVisible = 0;
			defaultConfigurationName = Release;
		};
		2DBEF89A1EDF773300346929 /* Build configuration list for PBXNativeTarget "BatteryLevel WatchKit Extension" */ = {
			isa = XCConfigurationList;
			buildConfigurations = (
				2DBEF89B1EDF773300346929 /* Debug */,
				2DBEF89C1EDF773300346929 /* Release */,
			);
			defaultConfigurationIsVisible = 0;
			defaultConfigurationName = Release;
		};
		2DBEF89E1EDF773300346929 /* Build configuration list for PBXNativeTarget "BatteryLevel WatchKit App" */ = {
			isa = XCConfigurationList;
			buildConfigurations = (
				2DBEF89F1EDF773300346929 /* Debug */,
				2DBEF8A01EDF773300346929 /* Release */,
			);
			defaultConfigurationIsVisible = 0;
			defaultConfigurationName = Release;
		};
		2DBEF8A21EDF773300346929 /* Build configuration list for PBXNativeTarget "BatteryLevel" */ = {
			isa = XCConfigurationList;
			buildConfigurations = (
				2DBEF8A31EDF773300346929 /* Debug */,
				2DBEF8A41EDF773300346929 /* Release */,
			);
			defaultConfigurationIsVisible = 0;
			defaultConfigurationName = Release;
		};
/* End XCConfigurationList section */
	};
	rootObject = 2DBEF85F1EDF773200346929 /* Project object */;
}
